
Microsoft Visual Studio Solution File, Format Version 12.00
# Visual Studio Version 16
VisualStudioVersion = 16.0.30503.244
MinimumVisualStudioVersion = 10.0.40219.1
Project("{FAE04EC0-301F-11D3-BF4B-00C04F79EFBC}") = "New fetchWeb", "New fetchWeb\New fetchWeb.csproj", "{AAD6221C-B27F-44BB-875C-95E54BD1ED2A}"
EndProject
Global
	GlobalSection(SolutionConfigurationPlatforms) = preSolution
		Debug|Any CPU = Debug|Any CPU
		Release|Any CPU = Release|Any CPU
	EndGlobalSection
	GlobalSection(ProjectConfigurationPlatforms) = postSolution
		{AAD6221C-B27F-44BB-875C-95E54BD1ED2A}.Debug|Any CPU.ActiveCfg = Debug|Any CPU
		{AAD6221C-B27F-44BB-875C-95E54BD1ED2A}.Debug|Any CPU.Build.0 = Debug|Any CPU
		{AAD6221C-B27F-44BB-875C-95E54BD1ED2A}.Release|Any CPU.ActiveCfg = Release|Any CPU
		{AAD6221C-B27F-44BB-875C-95E54BD1ED2A}.Release|Any CPU.Build.0 = Release|Any CPU
	EndGlobalSection
	GlobalSection(SolutionProperties) = preSolution
		HideSolutionNode = FALSE
	EndGlobalSection
	GlobalSection(ExtensibilityGlobals) = postSolution
		SolutionGuid = {D9414B1C-F59E-4416-A2A2-222DCBD78318}
	EndGlobalSection
EndGlobal
